
Microsoft Visual Studio Solution File, Format Version 12.00
# Visual Studio 15
VisualStudioVersion = 15.0.26430.6
MinimumVisualStudioVersion = 10.0.40219.1
Project("{8BC9CEB8-8B4A-11D0-8D11-00A0C91BC942}") = "TheLittleGameEngineWindows", "TheLittleGameEngine\TheLittleGameEngineWindows.vcxproj", "{A38E9221-CC6F-4EB3-A842-B38D861BB6B7}"
EndProject
Project("{8BC9CEB8-8B4A-11D0-8D11-00A0C91BC942}") = "ProjectSummerWindows", "ProjectSummer\ProjectSummer.vcxproj", "{046CF44F-5E3E-4A7F-9EB6-886BD5D73AEE}"
	ProjectSection(ProjectDependencies) = postProject
		{A38E9221-CC6F-4EB3-A842-B38D861BB6B7} = {A38E9221-CC6F-4EB3-A842-B38D861BB6B7}
	EndProjectSection
EndProject
Project("{8BC9CEB8-8B4A-11D0-8D11-00A0C91BC942}") = "SandBoxWindows", "SandBox\SandBoxWindows.vcxproj", "{6BFEB8A3-A789-4958-9497-2A31B71CB717}"
	ProjectSection(ProjectDependencies) = postProject
		{A38E9221-CC6F-4EB3-A842-B38D861BB6B7} = {A38E9221-CC6F-4EB3-A842-B38D861BB6B7}
	EndProjectSection
EndProject
Project("{2150E333-8FDC-42A3-9474-1A3956D46DE8}") = "TheLittleGameEngine", "TheLittleGameEngine", "{985EEFB8-08A5-41D3-BAB9-BC36968271C8}"
EndProject
Project("{8BC9CEB8-8B4A-11D0-8D11-00A0C91BC942}") = "TheLittleGameEngineShared", "TheLittleGameEngine\TheLittleGameEngineShared.vcxitems", "{45D41ACC-2C3C-43D2-BC10-02AA73FFC7C7}"
EndProject
Project("{2150E333-8FDC-42A3-9474-1A3956D46DE8}") = "SandBox", "SandBox", "{1184D75A-2601-4304-8514-742D7C257ED2}"
EndProject
Project("{8BC9CEB8-8B4A-11D0-8D11-00A0C91BC942}") = "SandBoxShared", "SandBox\SandBoxShared.vcxitems", "{F73E684F-74E6-41E3-8A5F-97F4C1E3CC7F}"
EndProject
Project("{2150E333-8FDC-42A3-9474-1A3956D46DE8}") = "SandBoxAndroid", "SandBoxAndroid", "{9FD5E3B4-136B-4D61-8FD4-0E33B48D798D}"
EndProject
Project("{39E2626F-3545-4960-A6E8-258AD8476CE5}") = "SandBoxAndroid.Packaging", "SandBox\SandBoxAndroid.Packaging\SandBoxAndroid.Packaging.androidproj", "{4D5C4CAB-051E-45D5-B8D9-69E20DAE8602}"
EndProject
Project("{8BC9CEB8-8B4A-11D0-8D11-00A0C91BC942}") = "SandBoxAndroid.NativeActivity", "SandBox\SandBoxAndroid.NativeActivity\SandBoxAndroid.NativeActivity.vcxproj", "{C6D497F0-562C-45EB-9ECB-54884E358DE7}"
	ProjectSection(ProjectDependencies) = postProject
		{9ABCDC10-8E7E-4DD6-924A-0EAEDE0D8E6D} = {9ABCDC10-8E7E-4DD6-924A-0EAEDE0D8E6D}
	EndProjectSection
EndProject
Project("{8BC9CEB8-8B4A-11D0-8D11-00A0C91BC942}") = "TheLittleGameEngineAndroid", "TheLittleGameEngine\TheLittleGameEngineAndroid.vcxproj", "{9ABCDC10-8E7E-4DD6-924A-0EAEDE0D8E6D}"
EndProject
Project("{2150E333-8FDC-42A3-9474-1A3956D46DE8}") = "ProjectSummer", "ProjectSummer", "{A1EF0B98-05AD-4F63-B922-68627EBA040C}"
EndProject
Project("{8BC9CEB8-8B4A-11D0-8D11-00A0C91BC942}") = "ProjectSummerShared", "ProjectSummer\ProjectSummerShared.vcxitems", "{7AFEF0AE-46A4-4DBF-B0E8-5ABE1F551886}"
EndProject
Project("{2150E333-8FDC-42A3-9474-1A3956D46DE8}") = "ProjectSummerAndroid", "ProjectSummerAndroid", "{FA687966-C333-4D4C-8E05-536C2D0AC984}"
EndProject
Project("{8BC9CEB8-8B4A-11D0-8D11-00A0C91BC942}") = "ProjectSummerAndroid.NativeActivity", "ProjectSummer\ProjectSummerAndroid.NativeActivity\ProjectSummerAndroid.NativeActivity.vcxproj", "{6B7CFD96-1962-4ABF-92B0-DA15FBC161D8}"
	ProjectSection(ProjectDependencies) = postProject
		{9ABCDC10-8E7E-4DD6-924A-0EAEDE0D8E6D} = {9ABCDC10-8E7E-4DD6-924A-0EAEDE0D8E6D}
	EndProjectSection
EndProject
Project("{39E2626F-3545-4960-A6E8-258AD8476CE5}") = "ProjectSummerAndroid.Packaging", "ProjectSummer\ProjectSummerAndroid.Packaging\ProjectSummerAndroid.Packaging.androidproj", "{E1DEF29F-7544-4958-81A2-706886FE2168}"
EndProject
Global
	GlobalSection(SharedMSBuildProjectFiles) = preSolution
		ProjectSummer\ProjectSummerShared.vcxitems*{046cf44f-5e3e-4a7f-9eb6-886bd5d73aee}*SharedItemsImports = 4
		TheLittleGameEngine\TheLittleGameEngineShared.vcxitems*{45d41acc-2c3c-43d2-bc10-02aa73ffc7c7}*SharedItemsImports = 9
		ProjectSummer\ProjectSummerShared.vcxitems*{6b7cfd96-1962-4abf-92b0-da15fbc161d8}*SharedItemsImports = 4
		SandBox\SandBoxShared.vcxitems*{6bfeb8a3-a789-4958-9497-2a31b71cb717}*SharedItemsImports = 4
		ProjectSummer\ProjectSummerShared.vcxitems*{7afef0ae-46a4-4dbf-b0e8-5abe1f551886}*SharedItemsImports = 9
		TheLittleGameEngine\TheLittleGameEngineShared.vcxitems*{9abcdc10-8e7e-4dd6-924a-0eaede0d8e6d}*SharedItemsImports = 4
		TheLittleGameEngine\TheLittleGameEngineShared.vcxitems*{a38e9221-cc6f-4eb3-a842-b38d861bb6b7}*SharedItemsImports = 4
		SandBox\SandBoxShared.vcxitems*{c6d497f0-562c-45eb-9ecb-54884e358de7}*SharedItemsImports = 4
		SandBox\SandBoxShared.vcxitems*{f73e684f-74e6-41e3-8a5f-97f4c1e3cc7f}*SharedItemsImports = 9
	EndGlobalSection
	GlobalSection(SolutionConfigurationPlatforms) = preSolution
		Debug|ARM = Debug|ARM
		Debug|ARM64 = Debug|ARM64
		Debug|x64 = Debug|x64
		Debug|x86 = Debug|x86
		Release|ARM = Release|ARM
		Release|ARM64 = Release|ARM64
		Release|x64 = Release|x64
		Release|x86 = Release|x86
	EndGlobalSection
	GlobalSection(ProjectConfigurationPlatforms) = postSolution
		{A38E9221-CC6F-4EB3-A842-B38D861BB6B7}.Debug|ARM.ActiveCfg = Debug|Win32
		{A38E9221-CC6F-4EB3-A842-B38D861BB6B7}.Debug|ARM64.ActiveCfg = Debug|Win32
		{A38E9221-CC6F-4EB3-A842-B38D861BB6B7}.Debug|x64.ActiveCfg = Debug|x64
		{A38E9221-CC6F-4EB3-A842-B38D861BB6B7}.Debug|x64.Build.0 = Debug|x64
		{A38E9221-CC6F-4EB3-A842-B38D861BB6B7}.Debug|x86.ActiveCfg = Debug|Win32
		{A38E9221-CC6F-4EB3-A842-B38D861BB6B7}.Debug|x86.Build.0 = Debug|Win32
		{A38E9221-CC6F-4EB3-A842-B38D861BB6B7}.Release|ARM.ActiveCfg = Release|Win32
		{A38E9221-CC6F-4EB3-A842-B38D861BB6B7}.Release|ARM64.ActiveCfg = Release|Win32
		{A38E9221-CC6F-4EB3-A842-B38D861BB6B7}.Release|x64.ActiveCfg = Release|x64
		{A38E9221-CC6F-4EB3-A842-B38D861BB6B7}.Release|x64.Build.0 = Release|x64
		{A38E9221-CC6F-4EB3-A842-B38D861BB6B7}.Release|x86.ActiveCfg = Release|Win32
		{A38E9221-CC6F-4EB3-A842-B38D861BB6B7}.Release|x86.Build.0 = Release|Win32
		{046CF44F-5E3E-4A7F-9EB6-886BD5D73AEE}.Debug|ARM.ActiveCfg = Debug|Win32
		{046CF44F-5E3E-4A7F-9EB6-886BD5D73AEE}.Debug|ARM64.ActiveCfg = Debug|Win32
		{046CF44F-5E3E-4A7F-9EB6-886BD5D73AEE}.Debug|x64.ActiveCfg = Debug|x64
		{046CF44F-5E3E-4A7F-9EB6-886BD5D73AEE}.Debug|x64.Build.0 = Debug|x64
		{046CF44F-5E3E-4A7F-9EB6-886BD5D73AEE}.Debug|x86.ActiveCfg = Debug|Win32
		{046CF44F-5E3E-4A7F-9EB6-886BD5D73AEE}.Debug|x86.Build.0 = Debug|Win32
		{046CF44F-5E3E-4A7F-9EB6-886BD5D73AEE}.Release|ARM.ActiveCfg = Release|Win32
		{046CF44F-5E3E-4A7F-9EB6-886BD5D73AEE}.Release|ARM64.ActiveCfg = Release|Win32
		{046CF44F-5E3E-4A7F-9EB6-886BD5D73AEE}.Release|x64.ActiveCfg = Release|x64
		{046CF44F-5E3E-4A7F-9EB6-886BD5D73AEE}.Release|x64.Build.0 = Release|x64
		{046CF44F-5E3E-4A7F-9EB6-886BD5D73AEE}.Release|x86.ActiveCfg = Release|Win32
		{046CF44F-5E3E-4A7F-9EB6-886BD5D73AEE}.Release|x86.Build.0 = Release|Win32
		{6BFEB8A3-A789-4958-9497-2A31B71CB717}.Debug|ARM.ActiveCfg = Debug|Win32
		{6BFEB8A3-A789-4958-9497-2A31B71CB717}.Debug|ARM64.ActiveCfg = Debug|Win32
		{6BFEB8A3-A789-4958-9497-2A31B71CB717}.Debug|x64.ActiveCfg = Debug|x64
		{6BFEB8A3-A789-4958-9497-2A31B71CB717}.Debug|x64.Build.0 = Debug|x64
		{6BFEB8A3-A789-4958-9497-2A31B71CB717}.Debug|x86.ActiveCfg = Debug|Win32
		{6BFEB8A3-A789-4958-9497-2A31B71CB717}.Debug|x86.Build.0 = Debug|Win32
		{6BFEB8A3-A789-4958-9497-2A31B71CB717}.Release|ARM.ActiveCfg = Release|Win32
		{6BFEB8A3-A789-4958-9497-2A31B71CB717}.Release|ARM64.ActiveCfg = Release|Win32
		{6BFEB8A3-A789-4958-9497-2A31B71CB717}.Release|x64.ActiveCfg = Release|x64
		{6BFEB8A3-A789-4958-9497-2A31B71CB717}.Release|x64.Build.0 = Release|x64
		{6BFEB8A3-A789-4958-9497-2A31B71CB717}.Release|x86.ActiveCfg = Release|Win32
		{6BFEB8A3-A789-4958-9497-2A31B71CB717}.Release|x86.Build.0 = Release|Win32
		{4D5C4CAB-051E-45D5-B8D9-69E20DAE8602}.Debug|ARM.ActiveCfg = Debug|ARM
		{4D5C4CAB-051E-45D5-B8D9-69E20DAE8602}.Debug|ARM.Build.0 = Debug|ARM
		{4D5C4CAB-051E-45D5-B8D9-69E20DAE8602}.Debug|ARM.Deploy.0 = Debug|ARM
		{4D5C4CAB-051E-45D5-B8D9-69E20DAE8602}.Debug|ARM64.ActiveCfg = Debug|ARM64
		{4D5C4CAB-051E-45D5-B8D9-69E20DAE8602}.Debug|ARM64.Build.0 = Debug|ARM64
		{4D5C4CAB-051E-45D5-B8D9-69E20DAE8602}.Debug|ARM64.Deploy.0 = Debug|ARM64
		{4D5C4CAB-051E-45D5-B8D9-69E20DAE8602}.Debug|x64.ActiveCfg = Debug|x64
		{4D5C4CAB-051E-45D5-B8D9-69E20DAE8602}.Debug|x64.Build.0 = Debug|x64
		{4D5C4CAB-051E-45D5-B8D9-69E20DAE8602}.Debug|x64.Deploy.0 = Debug|x64
		{4D5C4CAB-051E-45D5-B8D9-69E20DAE8602}.Debug|x86.ActiveCfg = Debug|x86
		{4D5C4CAB-051E-45D5-B8D9-69E20DAE8602}.Debug|x86.Build.0 = Debug|x86
		{4D5C4CAB-051E-45D5-B8D9-69E20DAE8602}.Debug|x86.Deploy.0 = Debug|x86
		{4D5C4CAB-051E-45D5-B8D9-69E20DAE8602}.Release|ARM.ActiveCfg = Release|ARM
		{4D5C4CAB-051E-45D5-B8D9-69E20DAE8602}.Release|ARM.Build.0 = Release|ARM
		{4D5C4CAB-051E-45D5-B8D9-69E20DAE8602}.Release|ARM.Deploy.0 = Release|ARM
		{4D5C4CAB-051E-45D5-B8D9-69E20DAE8602}.Release|ARM64.ActiveCfg = Release|ARM64
		{4D5C4CAB-051E-45D5-B8D9-69E20DAE8602}.Release|ARM64.Build.0 = Release|ARM64
		{4D5C4CAB-051E-45D5-B8D9-69E20DAE8602}.Release|ARM64.Deploy.0 = Release|ARM64
		{4D5C4CAB-051E-45D5-B8D9-69E20DAE8602}.Release|x64.ActiveCfg = Release|x64
		{4D5C4CAB-051E-45D5-B8D9-69E20DAE8602}.Release|x64.Build.0 = Release|x64
		{4D5C4CAB-051E-45D5-B8D9-69E20DAE8602}.Release|x64.Deploy.0 = Release|x64
		{4D5C4CAB-051E-45D5-B8D9-69E20DAE8602}.Release|x86.ActiveCfg = Release|x86
		{4D5C4CAB-051E-45D5-B8D9-69E20DAE8602}.Release|x86.Build.0 = Release|x86
		{4D5C4CAB-051E-45D5-B8D9-69E20DAE8602}.Release|x86.Deploy.0 = Release|x86
		{C6D497F0-562C-45EB-9ECB-54884E358DE7}.Debug|ARM.ActiveCfg = Debug|ARM
		{C6D497F0-562C-45EB-9ECB-54884E358DE7}.Debug|ARM.Build.0 = Debug|ARM
		{C6D497F0-562C-45EB-9ECB-54884E358DE7}.Debug|ARM64.ActiveCfg = Debug|ARM64
		{C6D497F0-562C-45EB-9ECB-54884E358DE7}.Debug|ARM64.Build.0 = Debug|ARM64
		{C6D497F0-562C-45EB-9ECB-54884E358DE7}.Debug|x64.ActiveCfg = Debug|x64
		{C6D497F0-562C-45EB-9ECB-54884E358DE7}.Debug|x64.Build.0 = Debug|x64
		{C6D497F0-562C-45EB-9ECB-54884E358DE7}.Debug|x86.ActiveCfg = Debug|x86
		{C6D497F0-562C-45EB-9ECB-54884E358DE7}.Debug|x86.Build.0 = Debug|x86
		{C6D497F0-562C-45EB-9ECB-54884E358DE7}.Release|ARM.ActiveCfg = Release|ARM
		{C6D497F0-562C-45EB-9ECB-54884E358DE7}.Release|ARM.Build.0 = Release|ARM
		{C6D497F0-562C-45EB-9ECB-54884E358DE7}.Release|ARM64.ActiveCfg = Release|ARM64
		{C6D497F0-562C-45EB-9ECB-54884E358DE7}.Release|ARM64.Build.0 = Release|ARM64
		{C6D497F0-562C-45EB-9ECB-54884E358DE7}.Release|x64.ActiveCfg = Release|x64
		{C6D497F0-562C-45EB-9ECB-54884E358DE7}.Release|x64.Build.0 = Release|x64
		{C6D497F0-562C-45EB-9ECB-54884E358DE7}.Release|x86.ActiveCfg = Release|x86
		{C6D497F0-562C-45EB-9ECB-54884E358DE7}.Release|x86.Build.0 = Release|x86
		{9ABCDC10-8E7E-4DD6-924A-0EAEDE0D8E6D}.Debug|ARM.ActiveCfg = Debug|ARM
		{9ABCDC10-8E7E-4DD6-924A-0EAEDE0D8E6D}.Debug|ARM.Build.0 = Debug|ARM
		{9ABCDC10-8E7E-4DD6-924A-0EAEDE0D8E6D}.Debug|ARM64.ActiveCfg = Debug|ARM64
		{9ABCDC10-8E7E-4DD6-924A-0EAEDE0D8E6D}.Debug|ARM64.Build.0 = Debug|ARM64
		{9ABCDC10-8E7E-4DD6-924A-0EAEDE0D8E6D}.Debug|x64.ActiveCfg = Debug|x64
		{9ABCDC10-8E7E-4DD6-924A-0EAEDE0D8E6D}.Debug|x64.Build.0 = Debug|x64
		{9ABCDC10-8E7E-4DD6-924A-0EAEDE0D8E6D}.Debug|x86.ActiveCfg = Debug|x86
		{9ABCDC10-8E7E-4DD6-924A-0EAEDE0D8E6D}.Debug|x86.Build.0 = Debug|x86
		{9ABCDC10-8E7E-4DD6-924A-0EAEDE0D8E6D}.Release|ARM.ActiveCfg = Release|ARM
		{9ABCDC10-8E7E-4DD6-924A-0EAEDE0D8E6D}.Release|ARM.Build.0 = Release|ARM
		{9ABCDC10-8E7E-4DD6-924A-0EAEDE0D8E6D}.Release|ARM64.ActiveCfg = Release|ARM64
		{9ABCDC10-8E7E-4DD6-924A-0EAEDE0D8E6D}.Release|ARM64.Build.0 = Release|ARM64
		{9ABCDC10-8E7E-4DD6-924A-0EAEDE0D8E6D}.Release|x64.ActiveCfg = Release|x64
		{9ABCDC10-8E7E-4DD6-924A-0EAEDE0D8E6D}.Release|x64.Build.0 = Release|x64
		{9ABCDC10-8E7E-4DD6-924A-0EAEDE0D8E6D}.Release|x86.ActiveCfg = Release|x86
		{9ABCDC10-8E7E-4DD6-924A-0EAEDE0D8E6D}.Release|x86.Build.0 = Release|x86
		{6B7CFD96-1962-4ABF-92B0-DA15FBC161D8}.Debug|ARM.ActiveCfg = Debug|ARM
		{6B7CFD96-1962-4ABF-92B0-DA15FBC161D8}.Debug|ARM.Build.0 = Debug|ARM
		{6B7CFD96-1962-4ABF-92B0-DA15FBC161D8}.Debug|ARM64.ActiveCfg = Debug|ARM64
		{6B7CFD96-1962-4ABF-92B0-DA15FBC161D8}.Debug|ARM64.Build.0 = Debug|ARM64
		{6B7CFD96-1962-4ABF-92B0-DA15FBC161D8}.Debug|x64.ActiveCfg = Debug|x64
		{6B7CFD96-1962-4ABF-92B0-DA15FBC161D8}.Debug|x64.Build.0 = Debug|x64
		{6B7CFD96-1962-4ABF-92B0-DA15FBC161D8}.Debug|x86.ActiveCfg = Debug|x86
		{6B7CFD96-1962-4ABF-92B0-DA15FBC161D8}.Debug|x86.Build.0 = Debug|x86
		{6B7CFD96-1962-4ABF-92B0-DA15FBC161D8}.Release|ARM.ActiveCfg = Release|ARM
		{6B7CFD96-1962-4ABF-92B0-DA15FBC161D8}.Release|ARM.Build.0 = Release|ARM
		{6B7CFD96-1962-4ABF-92B0-DA15FBC161D8}.Release|ARM64.ActiveCfg = Release|ARM64
		{6B7CFD96-1962-4ABF-92B0-DA15FBC161D8}.Release|ARM64.Build.0 = Release|ARM64
		{6B7CFD96-1962-4ABF-92B0-DA15FBC161D8}.Release|x64.ActiveCfg = Release|x64
		{6B7CFD96-1962-4ABF-92B0-DA15FBC161D8}.Release|x64.Build.0 = Release|x64
		{6B7CFD96-1962-4ABF-92B0-DA15FBC161D8}.Release|x86.ActiveCfg = Release|x86
		{6B7CFD96-1962-4ABF-92B0-DA15FBC161D8}.Release|x86.Build.0 = Release|x86
		{E1DEF29F-7544-4958-81A2-706886FE2168}.Debug|ARM.ActiveCfg = Debug|ARM
		{E1DEF29F-7544-4958-81A2-706886FE2168}.Debug|ARM.Build.0 = Debug|ARM
		{E1DEF29F-7544-4958-81A2-706886FE2168}.Debug|ARM.Deploy.0 = Debug|ARM
		{E1DEF29F-7544-4958-81A2-706886FE2168}.Debug|ARM64.ActiveCfg = Debug|ARM64
		{E1DEF29F-7544-4958-81A2-706886FE2168}.Debug|ARM64.Build.0 = Debug|ARM64
		{E1DEF29F-7544-4958-81A2-706886FE2168}.Debug|ARM64.Deploy.0 = Debug|ARM64
		{E1DEF29F-7544-4958-81A2-706886FE2168}.Debug|x64.ActiveCfg = Debug|x64
		{E1DEF29F-7544-4958-81A2-706886FE2168}.Debug|x64.Build.0 = Debug|x64
		{E1DEF29F-7544-4958-81A2-706886FE2168}.Debug|x64.Deploy.0 = Debug|x64
		{E1DEF29F-7544-4958-81A2-706886FE2168}.Debug|x86.ActiveCfg = Debug|x86
		{E1DEF29F-7544-4958-81A2-706886FE2168}.Debug|x86.Build.0 = Debug|x86
		{E1DEF29F-7544-4958-81A2-706886FE2168}.Debug|x86.Deploy.0 = Debug|x86
		{E1DEF29F-7544-4958-81A2-706886FE2168}.Release|ARM.ActiveCfg = Release|ARM
		{E1DEF29F-7544-4958-81A2-706886FE2168}.Release|ARM.Build.0 = Release|ARM
		{E1DEF29F-7544-4958-81A2-706886FE2168}.Release|ARM.Deploy.0 = Release|ARM
		{E1DEF29F-7544-4958-81A2-706886FE2168}.Release|ARM64.ActiveCfg = Release|ARM64
		{E1DEF29F-7544-4958-81A2-706886FE2168}.Release|ARM64.Build.0 = Release|ARM64
		{E1DEF29F-7544-4958-81A2-706886FE2168}.Release|ARM64.Deploy.0 = Release|ARM64
		{E1DEF29F-7544-4958-81A2-706886FE2168}.Release|x64.ActiveCfg = Release|x64
		{E1DEF29F-7544-4958-81A2-706886FE2168}.Release|x64.Build.0 = Release|x64
		{E1DEF29F-7544-4958-81A2-706886FE2168}.Release|x64.Deploy.0 = Release|x64
		{E1DEF29F-7544-4958-81A2-706886FE2168}.Release|x86.ActiveCfg = Release|x86
		{E1DEF29F-7544-4958-81A2-706886FE2168}.Release|x86.Build.0 = Release|x86
		{E1DEF29F-7544-4958-81A2-706886FE2168}.Release|x86.Deploy.0 = Release|x86
	EndGlobalSection
	GlobalSection(SolutionProperties) = preSolution
		HideSolutionNode = FALSE
	EndGlobalSection
	GlobalSection(NestedProjects) = preSolution
		{A38E9221-CC6F-4EB3-A842-B38D861BB6B7} = {985EEFB8-08A5-41D3-BAB9-BC36968271C8}
		{046CF44F-5E3E-4A7F-9EB6-886BD5D73AEE} = {A1EF0B98-05AD-4F63-B922-68627EBA040C}
		{6BFEB8A3-A789-4958-9497-2A31B71CB717} = {1184D75A-2601-4304-8514-742D7C257ED2}
		{45D41ACC-2C3C-43D2-BC10-02AA73FFC7C7} = {985EEFB8-08A5-41D3-BAB9-BC36968271C8}
		{F73E684F-74E6-41E3-8A5F-97F4C1E3CC7F} = {1184D75A-2601-4304-8514-742D7C257ED2}
		{9FD5E3B4-136B-4D61-8FD4-0E33B48D798D} = {1184D75A-2601-4304-8514-742D7C257ED2}
		{4D5C4CAB-051E-45D5-B8D9-69E20DAE8602} = {9FD5E3B4-136B-4D61-8FD4-0E33B48D798D}
		{C6D497F0-562C-45EB-9ECB-54884E358DE7} = {9FD5E3B4-136B-4D61-8FD4-0E33B48D798D}
		{9ABCDC10-8E7E-4DD6-924A-0EAEDE0D8E6D} = {985EEFB8-08A5-41D3-BAB9-BC36968271C8}
		{7AFEF0AE-46A4-4DBF-B0E8-5ABE1F551886} = {A1EF0B98-05AD-4F63-B922-68627EBA040C}
		{FA687966-C333-4D4C-8E05-536C2D0AC984} = {A1EF0B98-05AD-4F63-B922-68627EBA040C}
		{6B7CFD96-1962-4ABF-92B0-DA15FBC161D8} = {FA687966-C333-4D4C-8E05-536C2D0AC984}
		{E1DEF29F-7544-4958-81A2-706886FE2168} = {FA687966-C333-4D4C-8E05-536C2D0AC984}
	EndGlobalSection
EndGlobal
